
Microsoft Visual Studio Solution File, Format Version 12.00
# Visual Studio Version 16
VisualStudioVersion = 16.0.31410.357
MinimumVisualStudioVersion = 10.0.40219.1
Project("{FAE04EC0-301F-11D3-BF4B-00C04F79EFBC}") = "Адовые коды и интерфейсы №17", "Адовые коды и интерфейсы №17\Адовые коды и интерфейсы №17.csproj", "{61008CDF-F46B-4632-ADD6-2561848196CE}"
EndProject
Global
	GlobalSection(SolutionConfigurationPlatforms) = preSolution
		Debug|Any CPU = Debug|Any CPU
		Release|Any CPU = Release|Any CPU
	EndGlobalSection
	GlobalSection(ProjectConfigurationPlatforms) = postSolution
		{61008CDF-F46B-4632-ADD6-2561848196CE}.Debug|Any CPU.ActiveCfg = Debug|Any CPU
		{61008CDF-F46B-4632-ADD6-2561848196CE}.Debug|Any CPU.Build.0 = Debug|Any CPU
		{61008CDF-F46B-4632-ADD6-2561848196CE}.Release|Any CPU.ActiveCfg = Release|Any CPU
		{61008CDF-F46B-4632-ADD6-2561848196CE}.Release|Any CPU.Build.0 = Release|Any CPU
	EndGlobalSection
	GlobalSection(SolutionProperties) = preSolution
		HideSolutionNode = FALSE
	EndGlobalSection
	GlobalSection(ExtensibilityGlobals) = postSolution
		SolutionGuid = {5F2C9B78-61A1-4002-8C74-884B77795622}
	EndGlobalSection
EndGlobal
